
Microsoft Visual Studio Solution File, Format Version 12.00
# Visual Studio 15
VisualStudioVersion = 15.0.26403.0
MinimumVisualStudioVersion = 10.0.40219.1
Project("{9A19103F-16F7-4668-BE54-9A1E7A4F7556}") = "Sunburst.AppxPackaging.UwpApiReferences", "src\Sunburst.AppxPackaging.UwpApiReferences\Sunburst.AppxPackaging.UwpApiReferences.csproj", "{1430079B-1B3B-4C65-875F-261AABE50C06}"
EndProject
Global
	GlobalSection(SolutionConfigurationPlatforms) = preSolution
		Debug|Any CPU = Debug|Any CPU
		Release|Any CPU = Release|Any CPU
	EndGlobalSection
	GlobalSection(ProjectConfigurationPlatforms) = postSolution
		{1430079B-1B3B-4C65-875F-261AABE50C06}.Debug|Any CPU.ActiveCfg = Debug|Any CPU
		{1430079B-1B3B-4C65-875F-261AABE50C06}.Debug|Any CPU.Build.0 = Debug|Any CPU
		{1430079B-1B3B-4C65-875F-261AABE50C06}.Release|Any CPU.ActiveCfg = Release|Any CPU
		{1430079B-1B3B-4C65-875F-261AABE50C06}.Release|Any CPU.Build.0 = Release|Any CPU
	EndGlobalSection
	GlobalSection(SolutionProperties) = preSolution
		HideSolutionNode = FALSE
	EndGlobalSection
	GlobalSection(ExtensibilityGlobals) = postSolution
		SolutionGuid = {444D4FA8-AEEC-43DF-91F4-A358808507EB}
	EndGlobalSection
EndGlobal
