
Microsoft Visual Studio Solution File, Format Version 12.00
# Visual Studio 15
VisualStudioVersion = 15.0.26403.0
MinimumVisualStudioVersion = 10.0.40219.1
Project("{FAE04EC0-301F-11D3-BF4B-00C04F79EFBC}") = "Sunburst.AppxPackaging.PriAssemblyResolver", "Sunburst.AppxPackaging.PriAssemblyResolver\Sunburst.AppxPackaging.PriAssemblyResolver.csproj", "{ACDF5533-8180-4F11-987F-A9F3DCCAAEFA}"
EndProject
Project("{FAE04EC0-301F-11D3-BF4B-00C04F79EFBC}") = "Sunburst.AppxPackaging.Tasks", "Sunburst.AppxPackaging.Tasks\Sunburst.AppxPackaging.Tasks.csproj", "{736745DC-6341-4C09-AD49-1B988674C54E}"
EndProject
Global
	GlobalSection(SolutionConfigurationPlatforms) = preSolution
		Debug|Any CPU = Debug|Any CPU
		Release|Any CPU = Release|Any CPU
	EndGlobalSection
	GlobalSection(ProjectConfigurationPlatforms) = postSolution
		{ACDF5533-8180-4F11-987F-A9F3DCCAAEFA}.Debug|Any CPU.ActiveCfg = Debug|Any CPU
		{ACDF5533-8180-4F11-987F-A9F3DCCAAEFA}.Debug|Any CPU.Build.0 = Debug|Any CPU
		{ACDF5533-8180-4F11-987F-A9F3DCCAAEFA}.Release|Any CPU.ActiveCfg = Release|Any CPU
		{ACDF5533-8180-4F11-987F-A9F3DCCAAEFA}.Release|Any CPU.Build.0 = Release|Any CPU
		{736745DC-6341-4C09-AD49-1B988674C54E}.Debug|Any CPU.ActiveCfg = Debug|Any CPU
		{736745DC-6341-4C09-AD49-1B988674C54E}.Debug|Any CPU.Build.0 = Debug|Any CPU
		{736745DC-6341-4C09-AD49-1B988674C54E}.Release|Any CPU.ActiveCfg = Release|Any CPU
		{736745DC-6341-4C09-AD49-1B988674C54E}.Release|Any CPU.Build.0 = Release|Any CPU
	EndGlobalSection
	GlobalSection(SolutionProperties) = preSolution
		HideSolutionNode = FALSE
	EndGlobalSection
EndGlobal
